
Microsoft Visual Studio Solution File, Format Version 12.00
# Visual Studio 2017
Project("{FAE04EC0-301F-11D3-BF4B-00C04F79EFBC}") = "Roll-A-Ball-master", "Roll-A-Ball-master.csproj", "{ADD73458-AADD-6B04-DEF2-DE85B3F80019}"
EndProject
Global
	GlobalSection(SolutionConfigurationPlatforms) = preSolution
		Debug|Any CPU = Debug|Any CPU
		Release|Any CPU = Release|Any CPU
	EndGlobalSection
	GlobalSection(ProjectConfigurationPlatforms) = postSolution
		{ADD73458-AADD-6B04-DEF2-DE85B3F80019}.Debug|Any CPU.ActiveCfg = Debug|Any CPU
		{ADD73458-AADD-6B04-DEF2-DE85B3F80019}.Debug|Any CPU.Build.0 = Debug|Any CPU
		{ADD73458-AADD-6B04-DEF2-DE85B3F80019}.Release|Any CPU.ActiveCfg = Release|Any CPU
		{ADD73458-AADD-6B04-DEF2-DE85B3F80019}.Release|Any CPU.Build.0 = Release|Any CPU
	EndGlobalSection
	GlobalSection(SolutionProperties) = preSolution
		HideSolutionNode = FALSE
	EndGlobalSection
EndGlobal
